
Microsoft Visual Studio Solution File, Format Version 12.00
# Visual Studio 15
VisualStudioVersion = 15.0.28307.421
MinimumVisualStudioVersion = 10.0.40219.1
Project("{FAE04EC0-301F-11D3-BF4B-00C04F79EFBC}") = "Arbeitsauftrag 25.03.2020", "Arbeitsauftrag 25.03.2020\Arbeitsauftrag 25.03.2020.csproj", "{5F5BE041-B947-4CDD-87FE-05A217BA3676}"
EndProject
Global
	GlobalSection(SolutionConfigurationPlatforms) = preSolution
		Debug|Any CPU = Debug|Any CPU
		Release|Any CPU = Release|Any CPU
	EndGlobalSection
	GlobalSection(ProjectConfigurationPlatforms) = postSolution
		{5F5BE041-B947-4CDD-87FE-05A217BA3676}.Debug|Any CPU.ActiveCfg = Debug|Any CPU
		{5F5BE041-B947-4CDD-87FE-05A217BA3676}.Debug|Any CPU.Build.0 = Debug|Any CPU
		{5F5BE041-B947-4CDD-87FE-05A217BA3676}.Release|Any CPU.ActiveCfg = Release|Any CPU
		{5F5BE041-B947-4CDD-87FE-05A217BA3676}.Release|Any CPU.Build.0 = Release|Any CPU
	EndGlobalSection
	GlobalSection(SolutionProperties) = preSolution
		HideSolutionNode = FALSE
	EndGlobalSection
	GlobalSection(ExtensibilityGlobals) = postSolution
		SolutionGuid = {3B7034AA-A42F-48CD-8CE4-71EF1CBA2B4B}
	EndGlobalSection
EndGlobal
